
Microsoft Visual Studio Solution File, Format Version 12.00
# Visual Studio Version 17
VisualStudioVersion = 17.4.33213.308
MinimumVisualStudioVersion = 10.0.40219.1
Project("{9A19103F-16F7-4668-BE54-9A1E7A4F7556}") = "Snitches", "Snitches\Snitches\Snitches.csproj", "{FBE5514B-4EE5-4DAC-A060-BBCA3FC18BA2}"
EndProject
Project("{9A19103F-16F7-4668-BE54-9A1E7A4F7556}") = "Shackles", "Shackles\shackles\Shackles.csproj", "{C4EB0B98-BF5C-4725-A027-05B0108ECB8D}"
EndProject
Project("{9A19103F-16F7-4668-BE54-9A1E7A4F7556}") = "Sanctuaries", "Sanctuaries\sanctuaries\Sanctuaries.csproj", "{75EFAE52-376C-4C2E-AF5F-C9CFF9E1AD71}"
EndProject
Project("{9A19103F-16F7-4668-BE54-9A1E7A4F7556}") = "CakeBuild", "CakeBuild\CakeBuild\CakeBuild.csproj", "{A73A4EA0-7689-450B-9FC0-15CCA2D51999}"
EndProject
Project("{2150E333-8FDC-42A3-9474-1A3956D46DE8}") = "Setup", "Setup", "{5623E9EE-AF36-492F-8A04-D6F30430D192}"
	ProjectSection(SolutionItems) = preProject
		dotnet-install.ps1 = dotnet-install.ps1
		setup.bat = setup.bat
		Setup.ps1 = Setup.ps1
	EndProjectSection
EndProject
Project("{2150E333-8FDC-42A3-9474-1A3956D46DE8}") = "ReadME", "ReadME", "{57D3AB2C-B2B4-4A03-96D3-2CACF03B1C0E}"
EndProject
Project("{2150E333-8FDC-42A3-9474-1A3956D46DE8}") = "Licenes", "Licenes", "{4198928E-D0A4-4306-AC47-833A16418C23}"
EndProject
Project("{2150E333-8FDC-42A3-9474-1A3956D46DE8}") = "RootStructure", "RootStructure", "{6F59F127-65D1-4FED-A54F-8E25C340DB06}"
	ProjectSection(SolutionItems) = preProject
		LICENSE = LICENSE
	EndProjectSection
EndProject
Project("{2150E333-8FDC-42A3-9474-1A3956D46DE8}") = "CakeBuild", "CakeBuild", "{05B9E8BB-6D45-406C-8488-05F87CD974B5}"
	ProjectSection(SolutionItems) = preProject
		CakeBuild\LICENSE = CakeBuild\LICENSE
	EndProjectSection
EndProject
Project("{2150E333-8FDC-42A3-9474-1A3956D46DE8}") = "Sanctuaries", "Sanctuaries", "{F554F0DB-A86B-469C-91C0-172A8B063825}"
	ProjectSection(SolutionItems) = preProject
		Sanctuaries\LICENSE.txt = Sanctuaries\LICENSE.txt
	EndProjectSection
EndProject
Project("{2150E333-8FDC-42A3-9474-1A3956D46DE8}") = "Shackles", "Shackles", "{BD55A530-5DF1-49CC-A01E-B0FAE7306F7E}"
	ProjectSection(SolutionItems) = preProject
		Shackles\LICENSE.txt = Shackles\LICENSE.txt
	EndProjectSection
EndProject
Project("{2150E333-8FDC-42A3-9474-1A3956D46DE8}") = "Snitches", "Snitches", "{075B0CEC-B8BD-4CBD-A542-83D076ACE893}"
	ProjectSection(SolutionItems) = preProject
		Snitches\LICENSE.txt = Snitches\LICENSE.txt
	EndProjectSection
EndProject
Project("{2150E333-8FDC-42A3-9474-1A3956D46DE8}") = "CakeBuild", "CakeBuild", "{5D4526FC-2469-4A98-AC50-FF90694AF089}"
	ProjectSection(SolutionItems) = preProject
		CakeBuild\README.md = CakeBuild\README.md
	EndProjectSection
EndProject
Project("{2150E333-8FDC-42A3-9474-1A3956D46DE8}") = "RootStructure", "RootStructure", "{D6B70372-03FB-4CC4-A661-1B2E4929C14A}"
	ProjectSection(SolutionItems) = preProject
		README.md = README.md
	EndProjectSection
EndProject
Project("{2150E333-8FDC-42A3-9474-1A3956D46DE8}") = "Sanctuaries", "Sanctuaries", "{EDB3A664-FF05-480F-BBA5-F5605DC2865A}"
	ProjectSection(SolutionItems) = preProject
		Sanctuaries\README.md = Sanctuaries\README.md
	EndProjectSection
EndProject
Project("{2150E333-8FDC-42A3-9474-1A3956D46DE8}") = "Shackles", "Shackles", "{8F276850-35EE-451E-AAE0-7DC81BB420C2}"
	ProjectSection(SolutionItems) = preProject
		Shackles\README.md = Shackles\README.md
	EndProjectSection
EndProject
Project("{2150E333-8FDC-42A3-9474-1A3956D46DE8}") = "Snitches", "Snitches", "{B590D311-6AA5-4039-AB2F-721429BF8258}"
	ProjectSection(SolutionItems) = preProject
		Snitches\README.md = Snitches\README.md
	EndProjectSection
EndProject
Project("{9A19103F-16F7-4668-BE54-9A1E7A4F7556}") = "Groups", "Groups\Groups\Groups.csproj", "{36F34491-7A4E-43E9-B11A-BE5FCC4DD5EC}"
EndProject
Project("{2150E333-8FDC-42A3-9474-1A3956D46DE8}") = "Groups", "Groups", "{E3DE2CD8-7286-4F56-96D0-F7D1BFF3BE88}"
	ProjectSection(SolutionItems) = preProject
		Groups\README.md = Groups\README.md
	EndProjectSection
EndProject
Project("{2150E333-8FDC-42A3-9474-1A3956D46DE8}") = "Groups", "Groups", "{B283B59B-61DD-490E-A3F1-603E17BDBB35}"
	ProjectSection(SolutionItems) = preProject
		Groups\LICENSE.txt = Groups\LICENSE.txt
	EndProjectSection
EndProject
Project("{FAE04EC0-301F-11D3-BF4B-00C04F79EFBC}") = "Modular_Items", "Modular_Items\Modular_Items\Modular_Items.csproj", "{6267F2D6-2A08-4E99-A733-2B9F443A38C7}"
EndProject
Project("{FAE04EC0-301F-11D3-BF4B-00C04F79EFBC}") = "Dungeons", "Dungeons\Dungeons\Dungeons.csproj", "{D4B00C73-89CE-4FAF-A9FC-49654202CDFC}"
EndProject
Project("{FAE04EC0-301F-11D3-BF4B-00C04F79EFBC}") = "Patches", "Patches\Patches\Patches.csproj", "{16D9CF6F-76E8-450B-B046-8FB149DBCA72}"
EndProject
Project("{FAE04EC0-301F-11D3-BF4B-00C04F79EFBC}") = "Magic", "Magic\Magic\Magic.csproj", "{AC1C0815-91BD-4C17-8844-1A0E10BED9E5}"
EndProject
Global
	GlobalSection(SolutionConfigurationPlatforms) = preSolution
		Debug|Any CPU = Debug|Any CPU
		Release|Any CPU = Release|Any CPU
	EndGlobalSection
	GlobalSection(ProjectConfigurationPlatforms) = postSolution
		{FBE5514B-4EE5-4DAC-A060-BBCA3FC18BA2}.Debug|Any CPU.ActiveCfg = Debug|Any CPU
		{FBE5514B-4EE5-4DAC-A060-BBCA3FC18BA2}.Debug|Any CPU.Build.0 = Debug|Any CPU
		{FBE5514B-4EE5-4DAC-A060-BBCA3FC18BA2}.Release|Any CPU.ActiveCfg = Release|Any CPU
		{FBE5514B-4EE5-4DAC-A060-BBCA3FC18BA2}.Release|Any CPU.Build.0 = Release|Any CPU
		{C4EB0B98-BF5C-4725-A027-05B0108ECB8D}.Debug|Any CPU.ActiveCfg = Debug|Any CPU
		{C4EB0B98-BF5C-4725-A027-05B0108ECB8D}.Debug|Any CPU.Build.0 = Debug|Any CPU
		{C4EB0B98-BF5C-4725-A027-05B0108ECB8D}.Release|Any CPU.ActiveCfg = Release|Any CPU
		{C4EB0B98-BF5C-4725-A027-05B0108ECB8D}.Release|Any CPU.Build.0 = Release|Any CPU
		{75EFAE52-376C-4C2E-AF5F-C9CFF9E1AD71}.Debug|Any CPU.ActiveCfg = Debug|Any CPU
		{75EFAE52-376C-4C2E-AF5F-C9CFF9E1AD71}.Debug|Any CPU.Build.0 = Debug|Any CPU
		{75EFAE52-376C-4C2E-AF5F-C9CFF9E1AD71}.Release|Any CPU.ActiveCfg = Release|Any CPU
		{75EFAE52-376C-4C2E-AF5F-C9CFF9E1AD71}.Release|Any CPU.Build.0 = Release|Any CPU
		{A73A4EA0-7689-450B-9FC0-15CCA2D51999}.Debug|Any CPU.ActiveCfg = Release|Any CPU
		{A73A4EA0-7689-450B-9FC0-15CCA2D51999}.Debug|Any CPU.Build.0 = Release|Any CPU
		{A73A4EA0-7689-450B-9FC0-15CCA2D51999}.Release|Any CPU.ActiveCfg = Release|Any CPU
		{A73A4EA0-7689-450B-9FC0-15CCA2D51999}.Release|Any CPU.Build.0 = Release|Any CPU
		{36F34491-7A4E-43E9-B11A-BE5FCC4DD5EC}.Debug|Any CPU.ActiveCfg = Debug|Any CPU
		{36F34491-7A4E-43E9-B11A-BE5FCC4DD5EC}.Debug|Any CPU.Build.0 = Debug|Any CPU
		{36F34491-7A4E-43E9-B11A-BE5FCC4DD5EC}.Release|Any CPU.ActiveCfg = Release|Any CPU
		{36F34491-7A4E-43E9-B11A-BE5FCC4DD5EC}.Release|Any CPU.Build.0 = Release|Any CPU
		{6267F2D6-2A08-4E99-A733-2B9F443A38C7}.Debug|Any CPU.ActiveCfg = Debug|Any CPU
		{6267F2D6-2A08-4E99-A733-2B9F443A38C7}.Debug|Any CPU.Build.0 = Debug|Any CPU
		{6267F2D6-2A08-4E99-A733-2B9F443A38C7}.Release|Any CPU.ActiveCfg = Release|Any CPU
		{6267F2D6-2A08-4E99-A733-2B9F443A38C7}.Release|Any CPU.Build.0 = Release|Any CPU
		{D4B00C73-89CE-4FAF-A9FC-49654202CDFC}.Debug|Any CPU.ActiveCfg = Debug|Any CPU
		{D4B00C73-89CE-4FAF-A9FC-49654202CDFC}.Debug|Any CPU.Build.0 = Debug|Any CPU
		{D4B00C73-89CE-4FAF-A9FC-49654202CDFC}.Release|Any CPU.ActiveCfg = Release|Any CPU
		{D4B00C73-89CE-4FAF-A9FC-49654202CDFC}.Release|Any CPU.Build.0 = Release|Any CPU
		{16D9CF6F-76E8-450B-B046-8FB149DBCA72}.Debug|Any CPU.ActiveCfg = Debug|Any CPU
		{16D9CF6F-76E8-450B-B046-8FB149DBCA72}.Debug|Any CPU.Build.0 = Debug|Any CPU
		{16D9CF6F-76E8-450B-B046-8FB149DBCA72}.Release|Any CPU.ActiveCfg = Release|Any CPU
		{16D9CF6F-76E8-450B-B046-8FB149DBCA72}.Release|Any CPU.Build.0 = Release|Any CPU
		{AC1C0815-91BD-4C17-8844-1A0E10BED9E5}.Debug|Any CPU.ActiveCfg = Debug|Any CPU
		{AC1C0815-91BD-4C17-8844-1A0E10BED9E5}.Debug|Any CPU.Build.0 = Debug|Any CPU
		{AC1C0815-91BD-4C17-8844-1A0E10BED9E5}.Release|Any CPU.ActiveCfg = Release|Any CPU
		{AC1C0815-91BD-4C17-8844-1A0E10BED9E5}.Release|Any CPU.Build.0 = Release|Any CPU
	EndGlobalSection
	GlobalSection(SolutionProperties) = preSolution
		HideSolutionNode = FALSE
	EndGlobalSection
	GlobalSection(NestedProjects) = preSolution
		{6F59F127-65D1-4FED-A54F-8E25C340DB06} = {4198928E-D0A4-4306-AC47-833A16418C23}
		{05B9E8BB-6D45-406C-8488-05F87CD974B5} = {4198928E-D0A4-4306-AC47-833A16418C23}
		{F554F0DB-A86B-469C-91C0-172A8B063825} = {4198928E-D0A4-4306-AC47-833A16418C23}
		{BD55A530-5DF1-49CC-A01E-B0FAE7306F7E} = {4198928E-D0A4-4306-AC47-833A16418C23}
		{075B0CEC-B8BD-4CBD-A542-83D076ACE893} = {4198928E-D0A4-4306-AC47-833A16418C23}
		{5D4526FC-2469-4A98-AC50-FF90694AF089} = {57D3AB2C-B2B4-4A03-96D3-2CACF03B1C0E}
		{D6B70372-03FB-4CC4-A661-1B2E4929C14A} = {57D3AB2C-B2B4-4A03-96D3-2CACF03B1C0E}
		{EDB3A664-FF05-480F-BBA5-F5605DC2865A} = {57D3AB2C-B2B4-4A03-96D3-2CACF03B1C0E}
		{8F276850-35EE-451E-AAE0-7DC81BB420C2} = {57D3AB2C-B2B4-4A03-96D3-2CACF03B1C0E}
		{B590D311-6AA5-4039-AB2F-721429BF8258} = {57D3AB2C-B2B4-4A03-96D3-2CACF03B1C0E}
		{E3DE2CD8-7286-4F56-96D0-F7D1BFF3BE88} = {57D3AB2C-B2B4-4A03-96D3-2CACF03B1C0E}
		{B283B59B-61DD-490E-A3F1-603E17BDBB35} = {4198928E-D0A4-4306-AC47-833A16418C23}
	EndGlobalSection
	GlobalSection(ExtensibilityGlobals) = postSolution
		SolutionGuid = {1C31D77C-1450-4A6D-A4A8-FEF3CE80FB7E}
	EndGlobalSection
EndGlobal
